{
  "nodes": {
    "brew-src": {
      "flake": false,
      "locked": {
        "lastModified": 1781226006,
        "narHash": "sha256-w4ZTuOnhYiDxjaynrMTASzp802QblBWmo3wpB8wVN4Y=",
        "owner": "Homebrew",
        "repo": "brew",
        "rev": "109191be4988470b51a60a5ef1998520aa24c01b",
        "type": "github"
      },
      "original": {
        "owner": "Homebrew",
        "ref": "6.0.1",
        "repo": "brew",
        "type": "github"
      }
    },
    "home-manager": {
      "inputs": {
        "nixpkgs": [
          "nixpkgs"
        ]
      },
      "locked": {
        "lastModified": 1782358560,
        "narHash": "sha256-vCcLh9pw3XO/+Lxk8r6xv6QnoCrTfGqiACcI7O637Wg=",
        "owner": "nix-community",
        "repo": "home-manager",
        "rev": "3a70e333f2950c302e875c44cfcfaff3f80f36bc",
        "type": "github"
      },
      "original": {
        "owner": "nix-community",
        "repo": "home-manager",
        "type": "github"
      }
    },
    "homebrew-cask": {
      "flake": false,
      "locked": {
        "lastModified": 1782388894,
        "narHash": "sha256-q0uPAVVCqlJE5UDf6seFjeQDQO+axx6g6PuGpB7Dcos=",
        "owner": "homebrew",
        "repo": "homebrew-cask",
        "rev": "126f12c7cea9efec355f2756d96e1d8e823c093c",
        "type": "github"
      },
      "original": {
        "owner": "homebrew",
        "repo": "homebrew-cask",
        "type": "github"
      }
    },
    "homebrew-core": {
      "flake": false,
      "locked": {
        "lastModified": 1782390379,
        "narHash": "sha256-wP6aVehs1o6+TCMtJdUOOz6ZdnFFRmLJPvtE/AUdf0s=",
        "owner": "homebrew",
        "repo": "homebrew-core",
        "rev": "fcda6970a96c7c252d35ea57addb43d679e202a1",
        "type": "github"
      },
      "original": {
        "owner": "homebrew",
        "repo": "homebrew-core",
        "type": "github"
      }
    },
    "homebrew-databricks": {
      "flake": false,
      "locked": {
        "lastModified": 1782311024,
        "narHash": "sha256-mQG82/qz0Wu3yKqCt28YkJ3B5TIi7GeDB+6hWuv/+/c=",
        "owner": "databricks",
        "repo": "homebrew-tap",
        "rev": "7f3273766f6f327cf7bcf53afc7f4f8ea784f728",
        "type": "github"
      },
      "original": {
        "owner": "databricks",
        "repo": "homebrew-tap",
        "type": "github"
      }
    },
    "homebrew-dotenvx": {
      "flake": false,
      "locked": {
        "lastModified": 1781993289,
        "narHash": "sha256-cTKYeiRjb7mlOl6rA3j9nrtzYqsLAF5mql8+kUNYxD8=",
        "owner": "dotenvx",
        "repo": "homebrew-brew",
        "rev": "b512fd970a939c9fffe94a33bca318d474a09692",
        "type": "github"
      },
      "original": {
        "owner": "dotenvx",
        "repo": "homebrew-brew",
        "type": "github"
      }
    },
    "nix-darwin": {
      "inputs": {
        "nixpkgs": [
          "nixpkgs"
        ]
      },
      "locked": {
        "lastModified": 1781761792,
        "narHash": "sha256-rCPytmKNjctLloB6UgK5CRrHSwV4b0ygxtJLPPp8R14=",
        "owner": "nix-darwin",
        "repo": "nix-darwin",
        "rev": "a1fa429e945becaf60468600daf649be4ba0350c",
        "type": "github"
      },
      "original": {
        "owner": "nix-darwin",
        "ref": "master",
        "repo": "nix-darwin",
        "type": "github"
      }
    },
    "nix-homebrew": {
      "inputs": {
        "brew-src": "brew-src"
      },
      "locked": {
        "lastModified": 1781389246,
        "narHash": "sha256-ORqLAo/hoJdsZC7UPAuEHev6S0+XIqKEC7vjo5prz1k=",
        "owner": "zhaofengli",
        "repo": "nix-homebrew",
        "rev": "de7953a08ed4bb9245be043e468561c17b89130d",
        "type": "github"
      },
      "original": {
        "owner": "zhaofengli",
        "repo": "nix-homebrew",
        "type": "github"
      }
    },
    "nixpkgs": {
      "locked": {
        "lastModified": 1782175435,
        "narHash": "sha256-EMzXKmnOtBQ2MnvpiNOm7E+kOMvdPrIKaeg52Tip2Uk=",
        "owner": "NixOS",
        "repo": "nixpkgs",
        "rev": "89570f24e97e614aa34aa9ab1c927b6578a43775",
        "type": "github"
      },
      "original": {
        "owner": "NixOS",
        "ref": "nixpkgs-unstable",
        "repo": "nixpkgs",
        "type": "github"
      }
    },
    "root": {
      "inputs": {
        "home-manager": "home-manager",
        "homebrew-cask": "homebrew-cask",
        "homebrew-core": "homebrew-core",
        "homebrew-databricks": "homebrew-databricks",
        "homebrew-dotenvx": "homebrew-dotenvx",
        "nix-darwin": "nix-darwin",
        "nix-homebrew": "nix-homebrew",
        "nixpkgs": "nixpkgs"
      }
    }
  },
  "root": "root",
  "version": 7
}
