{
  "nodes": {
    "brew-src": {
      "flake": false,
      "locked": {
        "lastModified": 1784558651,
        "narHash": "sha256-woXJ1ATKpSYRWCy46TQJjmm9XzAeZVEZw9xDfVG9NYI=",
        "owner": "Homebrew",
        "repo": "brew",
        "rev": "b48c7994b5f0eed7bef532efa63cb4e4f763887a",
        "type": "github"
      },
      "original": {
        "owner": "Homebrew",
        "ref": "6.0.12",
        "repo": "brew",
        "type": "github"
      }
    },
    "home-manager": {
      "inputs": {
        "nixpkgs": [
          "nixpkgs"
        ]
      },
      "locked": {
        "lastModified": 1785119578,
        "narHash": "sha256-3VMVuOJ6fK+RNOXVmqusqUwQ1sDfPeddNKaM2JR/4Y0=",
        "owner": "nix-community",
        "repo": "home-manager",
        "rev": "e83dffa86cccb6237fe194d4eeb47f41557749d1",
        "type": "github"
      },
      "original": {
        "owner": "nix-community",
        "repo": "home-manager",
        "type": "github"
      }
    },
    "homebrew-cask": {
      "flake": false,
      "locked": {
        "lastModified": 1785156684,
        "narHash": "sha256-j6fVeAkXhYzGFniQ7Ay/X/WWvxAemTHY55lVidGzQtg=",
        "owner": "homebrew",
        "repo": "homebrew-cask",
        "rev": "78a5d495a355bc227e1a6407cae67b3fbeca6de7",
        "type": "github"
      },
      "original": {
        "owner": "homebrew",
        "repo": "homebrew-cask",
        "type": "github"
      }
    },
    "homebrew-core": {
      "flake": false,
      "locked": {
        "lastModified": 1785156790,
        "narHash": "sha256-3Ge/tNBWWnhswTMUVCRUMrc9tRc9O4hy+skUuELHSh4=",
        "owner": "homebrew",
        "repo": "homebrew-core",
        "rev": "8ffa6087794025da034f13182b66e2c8b0d9a97c",
        "type": "github"
      },
      "original": {
        "owner": "homebrew",
        "repo": "homebrew-core",
        "type": "github"
      }
    },
    "homebrew-databricks": {
      "flake": false,
      "locked": {
        "lastModified": 1784723812,
        "narHash": "sha256-r5q9Fjjq0X62vKwIJYRGp9Jnw7yzwUW7O+IdKYdGUFQ=",
        "owner": "databricks",
        "repo": "homebrew-tap",
        "rev": "e919b85ffeb782e0576c862d1f66d0a571f0662b",
        "type": "github"
      },
      "original": {
        "owner": "databricks",
        "repo": "homebrew-tap",
        "type": "github"
      }
    },
    "homebrew-dotenvx": {
      "flake": false,
      "locked": {
        "lastModified": 1785134014,
        "narHash": "sha256-F9Lw3mCsi05+ilXz3eXy7+Ac2VEbvHm5OzoFv3LUC94=",
        "owner": "dotenvx",
        "repo": "homebrew-brew",
        "rev": "f2478aae586dcca46d7a0360b54360e8cef5482b",
        "type": "github"
      },
      "original": {
        "owner": "dotenvx",
        "repo": "homebrew-brew",
        "type": "github"
      }
    },
    "nix-darwin": {
      "inputs": {
        "nixpkgs": [
          "nixpkgs"
        ]
      },
      "locked": {
        "lastModified": 1784500460,
        "narHash": "sha256-UvORnAxTRHax7RG74W8Z2t4GvIkX6AjJ5kk0QlwZomo=",
        "owner": "nix-darwin",
        "repo": "nix-darwin",
        "rev": "57a3171f94705599a2499248ca5758d5eb47c0e0",
        "type": "github"
      },
      "original": {
        "owner": "nix-darwin",
        "ref": "master",
        "repo": "nix-darwin",
        "type": "github"
      }
    },
    "nix-homebrew": {
      "inputs": {
        "brew-src": "brew-src"
      },
      "locked": {
        "lastModified": 1784906761,
        "narHash": "sha256-2v0H8+Ert+xbm0oliHblXTPPczuKiibBUBvRax59kxg=",
        "owner": "zhaofengli",
        "repo": "nix-homebrew",
        "rev": "60623ec512406261f553d24033c8a0c53fd0b7f2",
        "type": "github"
      },
      "original": {
        "owner": "zhaofengli",
        "repo": "nix-homebrew",
        "type": "github"
      }
    },
    "nixpkgs": {
      "locked": {
        "lastModified": 1785141334,
        "narHash": "sha256-kh35kIx7el4Jk8Ki3BH9/Pn1eZYSYLJ6LMALos0zOy0=",
        "owner": "NixOS",
        "repo": "nixpkgs",
        "rev": "38a4887411571457d700c51c64a6e49ead2ed5ab",
        "type": "github"
      },
      "original": {
        "owner": "NixOS",
        "ref": "nixpkgs-unstable",
        "repo": "nixpkgs",
        "type": "github"
      }
    },
    "root": {
      "inputs": {
        "home-manager": "home-manager",
        "homebrew-cask": "homebrew-cask",
        "homebrew-core": "homebrew-core",
        "homebrew-databricks": "homebrew-databricks",
        "homebrew-dotenvx": "homebrew-dotenvx",
        "nix-darwin": "nix-darwin",
        "nix-homebrew": "nix-homebrew",
        "nixpkgs": "nixpkgs"
      }
    }
  },
  "root": "root",
  "version": 7
}
